
Microsoft Visual Studio Solution File, Format Version 12.00
# Visual Studio Version 17
VisualStudioVersion = 17.0.32112.339
MinimumVisualStudioVersion = 10.0.40219.1
Project("{2150E333-8FDC-42A3-9474-1A3956D46DE8}") = "Dataverse", "Dataverse", "{87E6FCB1-1154-454A-97D6-B2962B28BAE6}"
EndProject
Project("{2150E333-8FDC-42A3-9474-1A3956D46DE8}") = "Azure", "Azure", "{2ECA7602-05E9-4576-A56F-DB51D49F412B}"
EndProject
Project("{2150E333-8FDC-42A3-9474-1A3956D46DE8}") = "Test", "Test", "{FBB37557-BEF7-4BFF-BE06-5A3DD7918085}"
EndProject
Project("{9A19103F-16F7-4668-BE54-9A1E7A4F7556}") = "Pg.LetsMeet.Dataverse.Plugins", "Dataverse\Pg.LetsMeet.Dataverse.Plugins\Pg.LetsMeet.Dataverse.Plugins.csproj", "{B92DCAFF-192E-49CC-A7CD-CEB14BBDE9B0}"
EndProject
Project("{9A19103F-16F7-4668-BE54-9A1E7A4F7556}") = "Pg.LetsMeet.Api.Common", "Azure\Pg.LetsMeet.Api.Common\Pg.LetsMeet.Api.Common.csproj", "{CC8ECE8F-CD21-452D-9C67-B1C36FBB5594}"
EndProject
Project("{2150E333-8FDC-42A3-9474-1A3956D46DE8}") = "Events", "Events", "{44BB3633-F56C-4087-88CF-F17FAACACD86}"
EndProject
Project("{9A19103F-16F7-4668-BE54-9A1E7A4F7556}") = "Pg.LetsMeet.Events.Api", "Azure\Events\Pg.LetsMeet.Events.Api\Pg.LetsMeet.Events.Api.csproj", "{A3CCA06A-FCA1-410E-B9B2-7E8C2551508C}"
EndProject
Project("{9A19103F-16F7-4668-BE54-9A1E7A4F7556}") = "Pg.LetsMeet.Events.Domain", "Azure\Events\Pg.LetsMeet.Events.Domain\Pg.LetsMeet.Events.Domain.csproj", "{F965103B-0F5D-44F4-891A-0F9FE3F2F451}"
EndProject
Project("{9A19103F-16F7-4668-BE54-9A1E7A4F7556}") = "Pg.LetsMeet.Events.Infrastructure", "Azure\Events\Pg.LetsMeet.Events.Infrastructure\Pg.LetsMeet.Events.Infrastructure.csproj", "{531B85B3-8540-488F-B443-2DED74CB1C2D}"
EndProject
Project("{2150E333-8FDC-42A3-9474-1A3956D46DE8}") = "Dataverse", "Dataverse", "{C791301F-A25D-45CE-8D37-DCCFFC5E3E53}"
EndProject
Project("{FAE04EC0-301F-11D3-BF4B-00C04F79EFBC}") = "Pg.LetsMeet.Dataverse.Plugins.Tests", "Test\Dataverse\Pg.LetsMeet.Dataverse.Plugins.Tests\Pg.LetsMeet.Dataverse.Plugins.Tests.csproj", "{B8DBBACC-6A1D-499D-9798-18C235275DE3}"
EndProject
Project("{2150E333-8FDC-42A3-9474-1A3956D46DE8}") = "Azure", "Azure", "{7380307F-CFBE-4D39-92BC-18746C837FF6}"
EndProject
Project("{2150E333-8FDC-42A3-9474-1A3956D46DE8}") = "Events", "Events", "{9E5F21F8-30DA-4D75-8C37-76C56B62EAD0}"
EndProject
Project("{9A19103F-16F7-4668-BE54-9A1E7A4F7556}") = "Pg.LetsMeet.Events.Api.Tests", "Test\Azure\Events\Pg.LetsMeet.Events.Api.Tests\Pg.LetsMeet.Events.Api.Tests.csproj", "{4B8EFF17-2ACE-46D8-B2C2-3554D8504490}"
EndProject
Project("{FAE04EC0-301F-11D3-BF4B-00C04F79EFBC}") = "Pg.LetsMeet.Dataverse.Domain", "Dataverse\Pg.LetsMeet.Dataverse.Domain\Pg.LetsMeet.Dataverse.Domain.csproj", "{3771FA1B-CD5F-4DB8-82C8-9D6BBBE0F906}"
EndProject
Project("{FAE04EC0-301F-11D3-BF4B-00C04F79EFBC}") = "Pg.LetsMeet.Dataverse.Infrastructure", "Dataverse\Pg.LetsMeet.Dataverse.Infrastructure\Pg.LetsMeet.Dataverse.Infrastructure.csproj", "{7B51AAF4-1D29-465C-8527-9F5EF4E0F292}"
EndProject
Project("{FAE04EC0-301F-11D3-BF4B-00C04F79EFBC}") = "Pg.LetsMeet.Dataverse.Context", "Dataverse\Pg.LetsMeet.Dataverse.Context\Pg.LetsMeet.Dataverse.Context.csproj", "{137964F6-F5C9-48DA-83C6-FBC196F6A173}"
EndProject
Project("{FAE04EC0-301F-11D3-BF4B-00C04F79EFBC}") = "Pg.LetsMeet.Dataverse.Shared", "Dataverse\Pg.LetsMeet.Dataverse.Shared\Pg.LetsMeet.Dataverse.Shared.csproj", "{DF13E2F2-B3C9-47E0-8910-C6D55C2F55CE}"
EndProject
Project("{9A19103F-16F7-4668-BE54-9A1E7A4F7556}") = "Pg.LetsMeet.Events.Infrastructure.Tests", "Test\Azure\Events\Pg.LetsMeet.Events.Infrastructure.Tests\Pg.LetsMeet.Events.Infrastructure.Tests.csproj", "{CE9FBDB7-B540-48EB-9649-0E5FF64A5325}"
EndProject
Project("{9A19103F-16F7-4668-BE54-9A1E7A4F7556}") = "Pg.LetsMeet.Events.Domain.Tests", "Test\Azure\Events\Pg.LetsMeet.Events.Domain.Tests\Pg.LetsMeet.Events.Domain.Tests.csproj", "{FBD65EB0-E228-4962-AD8C-4CD8A7723F74}"
EndProject
Project("{9A19103F-16F7-4668-BE54-9A1E7A4F7556}") = "Pg.LetsMeet.Azure.Core", "Test\Azure\Pg.LetsMeet.Azure.Core\Pg.LetsMeet.Azure.Core.csproj", "{7DC2D3A3-9A13-454E-A70C-86D1D5786E06}"
EndProject
Project("{2150E333-8FDC-42A3-9474-1A3956D46DE8}") = "Deployment", "Deployment", "{29A81715-967D-4B53-A24B-3A91FCA94311}"
EndProject
Project("{2150E333-8FDC-42A3-9474-1A3956D46DE8}") = "Dataverse", "Dataverse", "{023C25FA-BD32-4FDD-963D-A571A0F52911}"
EndProject
Project("{9A19103F-16F7-4668-BE54-9A1E7A4F7556}") = "PostDeploymentStepsRunner", "Deployment\Dataverse\PostDeploymentStepsRunner\PostDeploymentStepsRunner.csproj", "{D909EA4F-D269-4E94-8005-9B59EF792987}"
EndProject
Project("{2150E333-8FDC-42A3-9474-1A3956D46DE8}") = "Identity", "Identity", "{CC515080-ED3E-46F2-AF2F-486809A3477A}"
EndProject
Project("{9A19103F-16F7-4668-BE54-9A1E7A4F7556}") = "Pg.LetsMeet.Identity.Api", "Azure\Identity\Pg.LetsMeet.Identity.Api\Pg.LetsMeet.Identity.Api.csproj", "{C6B20AFD-13E8-4452-904C-455C754A77ED}"
EndProject
Project("{9A19103F-16F7-4668-BE54-9A1E7A4F7556}") = "Pg.LetsMeet.Identity.Infrastructure", "Azure\Identity\Pg.LetsMeet.Identity.Infrastructure\Pg.LetsMeet.Identity.Infrastructure.csproj", "{2562D030-F0E2-46EB-BB63-6092A2B4B2CE}"
EndProject
Project("{9A19103F-16F7-4668-BE54-9A1E7A4F7556}") = "Pg.LetsMeet.Identity.Domain", "Azure\Identity\Pg.LetsMeet.Identity.Domain\Pg.LetsMeet.Identity.Domain.csproj", "{10611BF1-737C-4CBD-BFD3-5B19A83ADA41}"
EndProject
Project("{2150E333-8FDC-42A3-9474-1A3956D46DE8}") = "Identity", "Identity", "{06AE9B1D-D3EF-448A-9799-294DA161DBE9}"
EndProject
Project("{FAE04EC0-301F-11D3-BF4B-00C04F79EFBC}") = "Pg.LetsMeet.Identity.Domain.Tests", "Test\Azure\Identity\Pg.LetsMeet.Identity.Domain.Tests\Pg.LetsMeet.Identity.Domain.Tests.csproj", "{A296D50C-7B26-47D4-894F-C00510066A11}"
EndProject
Project("{FAE04EC0-301F-11D3-BF4B-00C04F79EFBC}") = "Pg.LetsMeet.Dataverse.Domain.Tests", "Test\Dataverse\Pg.LetsMeet.Dataverse.Domain.Tests\Pg.LetsMeet.Dataverse.Domain.Tests.csproj", "{93F1AFF1-8FE6-4EF2-A9CE-518BB367E46E}"
EndProject
Project("{FAE04EC0-301F-11D3-BF4B-00C04F79EFBC}") = "Pg.LetsMeet.Dataverse.Tests.Shared", "Test\Dataverse\Pg.LetsMeet.Dataverse.Tests.Shared\Pg.LetsMeet.Dataverse.Tests.Shared.csproj", "{DAE56212-2E41-4E9C-B316-03B5480FE042}"
EndProject
Project("{FAE04EC0-301F-11D3-BF4B-00C04F79EFBC}") = "Pg.LetsMeet.Dataverse.Infrastructure.Tests", "Test\Dataverse\Pg.LetsMeet.Dataverse.Infrastructure.Tests\Pg.LetsMeet.Dataverse.Infrastructure.Tests.csproj", "{E5B01BE4-9C7F-4044-9125-A7AB859DA1AC}"
EndProject
Global
	GlobalSection(SolutionConfigurationPlatforms) = preSolution
		Debug|Any CPU = Debug|Any CPU
		Release|Any CPU = Release|Any CPU
	EndGlobalSection
	GlobalSection(ProjectConfigurationPlatforms) = postSolution
		{B92DCAFF-192E-49CC-A7CD-CEB14BBDE9B0}.Debug|Any CPU.ActiveCfg = Debug|Any CPU
		{B92DCAFF-192E-49CC-A7CD-CEB14BBDE9B0}.Debug|Any CPU.Build.0 = Debug|Any CPU
		{B92DCAFF-192E-49CC-A7CD-CEB14BBDE9B0}.Release|Any CPU.ActiveCfg = Release|Any CPU
		{B92DCAFF-192E-49CC-A7CD-CEB14BBDE9B0}.Release|Any CPU.Build.0 = Release|Any CPU
		{CC8ECE8F-CD21-452D-9C67-B1C36FBB5594}.Debug|Any CPU.ActiveCfg = Debug|Any CPU
		{CC8ECE8F-CD21-452D-9C67-B1C36FBB5594}.Debug|Any CPU.Build.0 = Debug|Any CPU
		{CC8ECE8F-CD21-452D-9C67-B1C36FBB5594}.Release|Any CPU.ActiveCfg = Release|Any CPU
		{CC8ECE8F-CD21-452D-9C67-B1C36FBB5594}.Release|Any CPU.Build.0 = Release|Any CPU
		{A3CCA06A-FCA1-410E-B9B2-7E8C2551508C}.Debug|Any CPU.ActiveCfg = Debug|Any CPU
		{A3CCA06A-FCA1-410E-B9B2-7E8C2551508C}.Debug|Any CPU.Build.0 = Debug|Any CPU
		{A3CCA06A-FCA1-410E-B9B2-7E8C2551508C}.Release|Any CPU.ActiveCfg = Release|Any CPU
		{A3CCA06A-FCA1-410E-B9B2-7E8C2551508C}.Release|Any CPU.Build.0 = Release|Any CPU
		{F965103B-0F5D-44F4-891A-0F9FE3F2F451}.Debug|Any CPU.ActiveCfg = Debug|Any CPU
		{F965103B-0F5D-44F4-891A-0F9FE3F2F451}.Debug|Any CPU.Build.0 = Debug|Any CPU
		{F965103B-0F5D-44F4-891A-0F9FE3F2F451}.Release|Any CPU.ActiveCfg = Release|Any CPU
		{F965103B-0F5D-44F4-891A-0F9FE3F2F451}.Release|Any CPU.Build.0 = Release|Any CPU
		{531B85B3-8540-488F-B443-2DED74CB1C2D}.Debug|Any CPU.ActiveCfg = Debug|Any CPU
		{531B85B3-8540-488F-B443-2DED74CB1C2D}.Debug|Any CPU.Build.0 = Debug|Any CPU
		{531B85B3-8540-488F-B443-2DED74CB1C2D}.Release|Any CPU.ActiveCfg = Release|Any CPU
		{531B85B3-8540-488F-B443-2DED74CB1C2D}.Release|Any CPU.Build.0 = Release|Any CPU
		{B8DBBACC-6A1D-499D-9798-18C235275DE3}.Debug|Any CPU.ActiveCfg = Debug|Any CPU
		{B8DBBACC-6A1D-499D-9798-18C235275DE3}.Debug|Any CPU.Build.0 = Debug|Any CPU
		{B8DBBACC-6A1D-499D-9798-18C235275DE3}.Release|Any CPU.ActiveCfg = Release|Any CPU
		{B8DBBACC-6A1D-499D-9798-18C235275DE3}.Release|Any CPU.Build.0 = Release|Any CPU
		{4B8EFF17-2ACE-46D8-B2C2-3554D8504490}.Debug|Any CPU.ActiveCfg = Debug|Any CPU
		{4B8EFF17-2ACE-46D8-B2C2-3554D8504490}.Debug|Any CPU.Build.0 = Debug|Any CPU
		{4B8EFF17-2ACE-46D8-B2C2-3554D8504490}.Release|Any CPU.ActiveCfg = Release|Any CPU
		{4B8EFF17-2ACE-46D8-B2C2-3554D8504490}.Release|Any CPU.Build.0 = Release|Any CPU
		{3771FA1B-CD5F-4DB8-82C8-9D6BBBE0F906}.Debug|Any CPU.ActiveCfg = Debug|Any CPU
		{3771FA1B-CD5F-4DB8-82C8-9D6BBBE0F906}.Debug|Any CPU.Build.0 = Debug|Any CPU
		{3771FA1B-CD5F-4DB8-82C8-9D6BBBE0F906}.Release|Any CPU.ActiveCfg = Release|Any CPU
		{3771FA1B-CD5F-4DB8-82C8-9D6BBBE0F906}.Release|Any CPU.Build.0 = Release|Any CPU
		{7B51AAF4-1D29-465C-8527-9F5EF4E0F292}.Debug|Any CPU.ActiveCfg = Debug|Any CPU
		{7B51AAF4-1D29-465C-8527-9F5EF4E0F292}.Debug|Any CPU.Build.0 = Debug|Any CPU
		{7B51AAF4-1D29-465C-8527-9F5EF4E0F292}.Release|Any CPU.ActiveCfg = Release|Any CPU
		{7B51AAF4-1D29-465C-8527-9F5EF4E0F292}.Release|Any CPU.Build.0 = Release|Any CPU
		{137964F6-F5C9-48DA-83C6-FBC196F6A173}.Debug|Any CPU.ActiveCfg = Debug|Any CPU
		{137964F6-F5C9-48DA-83C6-FBC196F6A173}.Debug|Any CPU.Build.0 = Debug|Any CPU
		{137964F6-F5C9-48DA-83C6-FBC196F6A173}.Release|Any CPU.ActiveCfg = Release|Any CPU
		{137964F6-F5C9-48DA-83C6-FBC196F6A173}.Release|Any CPU.Build.0 = Release|Any CPU
		{DF13E2F2-B3C9-47E0-8910-C6D55C2F55CE}.Debug|Any CPU.ActiveCfg = Debug|Any CPU
		{DF13E2F2-B3C9-47E0-8910-C6D55C2F55CE}.Debug|Any CPU.Build.0 = Debug|Any CPU
		{DF13E2F2-B3C9-47E0-8910-C6D55C2F55CE}.Release|Any CPU.ActiveCfg = Release|Any CPU
		{DF13E2F2-B3C9-47E0-8910-C6D55C2F55CE}.Release|Any CPU.Build.0 = Release|Any CPU
		{CE9FBDB7-B540-48EB-9649-0E5FF64A5325}.Debug|Any CPU.ActiveCfg = Debug|Any CPU
		{CE9FBDB7-B540-48EB-9649-0E5FF64A5325}.Debug|Any CPU.Build.0 = Debug|Any CPU
		{CE9FBDB7-B540-48EB-9649-0E5FF64A5325}.Release|Any CPU.ActiveCfg = Release|Any CPU
		{CE9FBDB7-B540-48EB-9649-0E5FF64A5325}.Release|Any CPU.Build.0 = Release|Any CPU
		{FBD65EB0-E228-4962-AD8C-4CD8A7723F74}.Debug|Any CPU.ActiveCfg = Debug|Any CPU
		{FBD65EB0-E228-4962-AD8C-4CD8A7723F74}.Debug|Any CPU.Build.0 = Debug|Any CPU
		{FBD65EB0-E228-4962-AD8C-4CD8A7723F74}.Release|Any CPU.ActiveCfg = Release|Any CPU
		{FBD65EB0-E228-4962-AD8C-4CD8A7723F74}.Release|Any CPU.Build.0 = Release|Any CPU
		{7DC2D3A3-9A13-454E-A70C-86D1D5786E06}.Debug|Any CPU.ActiveCfg = Debug|Any CPU
		{7DC2D3A3-9A13-454E-A70C-86D1D5786E06}.Debug|Any CPU.Build.0 = Debug|Any CPU
		{7DC2D3A3-9A13-454E-A70C-86D1D5786E06}.Release|Any CPU.ActiveCfg = Release|Any CPU
		{7DC2D3A3-9A13-454E-A70C-86D1D5786E06}.Release|Any CPU.Build.0 = Release|Any CPU
		{D909EA4F-D269-4E94-8005-9B59EF792987}.Debug|Any CPU.ActiveCfg = Debug|Any CPU
		{D909EA4F-D269-4E94-8005-9B59EF792987}.Debug|Any CPU.Build.0 = Debug|Any CPU
		{D909EA4F-D269-4E94-8005-9B59EF792987}.Release|Any CPU.ActiveCfg = Release|Any CPU
		{D909EA4F-D269-4E94-8005-9B59EF792987}.Release|Any CPU.Build.0 = Release|Any CPU
		{C6B20AFD-13E8-4452-904C-455C754A77ED}.Debug|Any CPU.ActiveCfg = Debug|Any CPU
		{C6B20AFD-13E8-4452-904C-455C754A77ED}.Debug|Any CPU.Build.0 = Debug|Any CPU
		{C6B20AFD-13E8-4452-904C-455C754A77ED}.Release|Any CPU.ActiveCfg = Release|Any CPU
		{C6B20AFD-13E8-4452-904C-455C754A77ED}.Release|Any CPU.Build.0 = Release|Any CPU
		{2562D030-F0E2-46EB-BB63-6092A2B4B2CE}.Debug|Any CPU.ActiveCfg = Debug|Any CPU
		{2562D030-F0E2-46EB-BB63-6092A2B4B2CE}.Debug|Any CPU.Build.0 = Debug|Any CPU
		{2562D030-F0E2-46EB-BB63-6092A2B4B2CE}.Release|Any CPU.ActiveCfg = Release|Any CPU
		{2562D030-F0E2-46EB-BB63-6092A2B4B2CE}.Release|Any CPU.Build.0 = Release|Any CPU
		{10611BF1-737C-4CBD-BFD3-5B19A83ADA41}.Debug|Any CPU.ActiveCfg = Debug|Any CPU
		{10611BF1-737C-4CBD-BFD3-5B19A83ADA41}.Debug|Any CPU.Build.0 = Debug|Any CPU
		{10611BF1-737C-4CBD-BFD3-5B19A83ADA41}.Release|Any CPU.ActiveCfg = Release|Any CPU
		{10611BF1-737C-4CBD-BFD3-5B19A83ADA41}.Release|Any CPU.Build.0 = Release|Any CPU
		{A296D50C-7B26-47D4-894F-C00510066A11}.Debug|Any CPU.ActiveCfg = Debug|Any CPU
		{A296D50C-7B26-47D4-894F-C00510066A11}.Debug|Any CPU.Build.0 = Debug|Any CPU
		{A296D50C-7B26-47D4-894F-C00510066A11}.Release|Any CPU.ActiveCfg = Release|Any CPU
		{A296D50C-7B26-47D4-894F-C00510066A11}.Release|Any CPU.Build.0 = Release|Any CPU
		{93F1AFF1-8FE6-4EF2-A9CE-518BB367E46E}.Debug|Any CPU.ActiveCfg = Debug|Any CPU
		{93F1AFF1-8FE6-4EF2-A9CE-518BB367E46E}.Debug|Any CPU.Build.0 = Debug|Any CPU
		{93F1AFF1-8FE6-4EF2-A9CE-518BB367E46E}.Release|Any CPU.ActiveCfg = Release|Any CPU
		{93F1AFF1-8FE6-4EF2-A9CE-518BB367E46E}.Release|Any CPU.Build.0 = Release|Any CPU
		{DAE56212-2E41-4E9C-B316-03B5480FE042}.Debug|Any CPU.ActiveCfg = Debug|Any CPU
		{DAE56212-2E41-4E9C-B316-03B5480FE042}.Debug|Any CPU.Build.0 = Debug|Any CPU
		{DAE56212-2E41-4E9C-B316-03B5480FE042}.Release|Any CPU.ActiveCfg = Release|Any CPU
		{DAE56212-2E41-4E9C-B316-03B5480FE042}.Release|Any CPU.Build.0 = Release|Any CPU
		{E5B01BE4-9C7F-4044-9125-A7AB859DA1AC}.Debug|Any CPU.ActiveCfg = Debug|Any CPU
		{E5B01BE4-9C7F-4044-9125-A7AB859DA1AC}.Debug|Any CPU.Build.0 = Debug|Any CPU
		{E5B01BE4-9C7F-4044-9125-A7AB859DA1AC}.Release|Any CPU.ActiveCfg = Release|Any CPU
		{E5B01BE4-9C7F-4044-9125-A7AB859DA1AC}.Release|Any CPU.Build.0 = Release|Any CPU
	EndGlobalSection
	GlobalSection(SolutionProperties) = preSolution
		HideSolutionNode = FALSE
	EndGlobalSection
	GlobalSection(NestedProjects) = preSolution
		{B92DCAFF-192E-49CC-A7CD-CEB14BBDE9B0} = {87E6FCB1-1154-454A-97D6-B2962B28BAE6}
		{CC8ECE8F-CD21-452D-9C67-B1C36FBB5594} = {2ECA7602-05E9-4576-A56F-DB51D49F412B}
		{44BB3633-F56C-4087-88CF-F17FAACACD86} = {2ECA7602-05E9-4576-A56F-DB51D49F412B}
		{A3CCA06A-FCA1-410E-B9B2-7E8C2551508C} = {44BB3633-F56C-4087-88CF-F17FAACACD86}
		{F965103B-0F5D-44F4-891A-0F9FE3F2F451} = {44BB3633-F56C-4087-88CF-F17FAACACD86}
		{531B85B3-8540-488F-B443-2DED74CB1C2D} = {44BB3633-F56C-4087-88CF-F17FAACACD86}
		{C791301F-A25D-45CE-8D37-DCCFFC5E3E53} = {FBB37557-BEF7-4BFF-BE06-5A3DD7918085}
		{B8DBBACC-6A1D-499D-9798-18C235275DE3} = {C791301F-A25D-45CE-8D37-DCCFFC5E3E53}
		{7380307F-CFBE-4D39-92BC-18746C837FF6} = {FBB37557-BEF7-4BFF-BE06-5A3DD7918085}
		{9E5F21F8-30DA-4D75-8C37-76C56B62EAD0} = {7380307F-CFBE-4D39-92BC-18746C837FF6}
		{4B8EFF17-2ACE-46D8-B2C2-3554D8504490} = {9E5F21F8-30DA-4D75-8C37-76C56B62EAD0}
		{3771FA1B-CD5F-4DB8-82C8-9D6BBBE0F906} = {87E6FCB1-1154-454A-97D6-B2962B28BAE6}
		{7B51AAF4-1D29-465C-8527-9F5EF4E0F292} = {87E6FCB1-1154-454A-97D6-B2962B28BAE6}
		{137964F6-F5C9-48DA-83C6-FBC196F6A173} = {87E6FCB1-1154-454A-97D6-B2962B28BAE6}
		{DF13E2F2-B3C9-47E0-8910-C6D55C2F55CE} = {87E6FCB1-1154-454A-97D6-B2962B28BAE6}
		{CE9FBDB7-B540-48EB-9649-0E5FF64A5325} = {9E5F21F8-30DA-4D75-8C37-76C56B62EAD0}
		{FBD65EB0-E228-4962-AD8C-4CD8A7723F74} = {9E5F21F8-30DA-4D75-8C37-76C56B62EAD0}
		{7DC2D3A3-9A13-454E-A70C-86D1D5786E06} = {7380307F-CFBE-4D39-92BC-18746C837FF6}
		{023C25FA-BD32-4FDD-963D-A571A0F52911} = {29A81715-967D-4B53-A24B-3A91FCA94311}
		{D909EA4F-D269-4E94-8005-9B59EF792987} = {023C25FA-BD32-4FDD-963D-A571A0F52911}
		{CC515080-ED3E-46F2-AF2F-486809A3477A} = {2ECA7602-05E9-4576-A56F-DB51D49F412B}
		{C6B20AFD-13E8-4452-904C-455C754A77ED} = {CC515080-ED3E-46F2-AF2F-486809A3477A}
		{2562D030-F0E2-46EB-BB63-6092A2B4B2CE} = {CC515080-ED3E-46F2-AF2F-486809A3477A}
		{10611BF1-737C-4CBD-BFD3-5B19A83ADA41} = {CC515080-ED3E-46F2-AF2F-486809A3477A}
		{06AE9B1D-D3EF-448A-9799-294DA161DBE9} = {7380307F-CFBE-4D39-92BC-18746C837FF6}
		{A296D50C-7B26-47D4-894F-C00510066A11} = {06AE9B1D-D3EF-448A-9799-294DA161DBE9}
		{93F1AFF1-8FE6-4EF2-A9CE-518BB367E46E} = {C791301F-A25D-45CE-8D37-DCCFFC5E3E53}
		{DAE56212-2E41-4E9C-B316-03B5480FE042} = {C791301F-A25D-45CE-8D37-DCCFFC5E3E53}
		{E5B01BE4-9C7F-4044-9125-A7AB859DA1AC} = {C791301F-A25D-45CE-8D37-DCCFFC5E3E53}
	EndGlobalSection
	GlobalSection(ExtensibilityGlobals) = postSolution
		SolutionGuid = {EBD3F8D1-C38B-4EE1-9F90-9B0E088CD241}
	EndGlobalSection
EndGlobal
